
Microsoft Visual Studio Solution File, Format Version 12.00
# Visual Studio 15
VisualStudioVersion = 15.0.26403.3
MinimumVisualStudioVersion = 10.0.40219.1
Project("{2150E333-8FDC-42A3-9474-1A3956D46DE8}") = ".build", ".build", "{AA577967-C0C2-4028-986F-410368B9D342}"
	ProjectSection(SolutionItems) = preProject
		..\build.bat = ..\build.bat
		..\build.fsx = ..\build.fsx
	EndProjectSection
EndProject
Project("{FAE04EC0-301F-11D3-BF4B-00C04F79EFBC}") = "Genesis.Repository", "Genesis.Repository\Genesis.Repository.csproj", "{F4EA7922-F1EE-4748-B6D5-5CBB3197A46F}"
EndProject
Project("{FAE04EC0-301F-11D3-BF4B-00C04F79EFBC}") = "Genesis.Repository.UnitTests", "Genesis.Repository.UnitTests\Genesis.Repository.UnitTests.csproj", "{346C1126-78E4-4713-AC41-347455DD1917}"
EndProject
Global
	GlobalSection(SolutionConfigurationPlatforms) = preSolution
		Debug|Any CPU = Debug|Any CPU
		Release|Any CPU = Release|Any CPU
	EndGlobalSection
	GlobalSection(ProjectConfigurationPlatforms) = postSolution
		{F4EA7922-F1EE-4748-B6D5-5CBB3197A46F}.Debug|Any CPU.ActiveCfg = Debug|Any CPU
		{F4EA7922-F1EE-4748-B6D5-5CBB3197A46F}.Debug|Any CPU.Build.0 = Debug|Any CPU
		{F4EA7922-F1EE-4748-B6D5-5CBB3197A46F}.Release|Any CPU.ActiveCfg = Release|Any CPU
		{F4EA7922-F1EE-4748-B6D5-5CBB3197A46F}.Release|Any CPU.Build.0 = Release|Any CPU
		{346C1126-78E4-4713-AC41-347455DD1917}.Debug|Any CPU.ActiveCfg = Debug|Any CPU
		{346C1126-78E4-4713-AC41-347455DD1917}.Debug|Any CPU.Build.0 = Debug|Any CPU
		{346C1126-78E4-4713-AC41-347455DD1917}.Release|Any CPU.ActiveCfg = Release|Any CPU
		{346C1126-78E4-4713-AC41-347455DD1917}.Release|Any CPU.Build.0 = Release|Any CPU
	EndGlobalSection
	GlobalSection(SolutionProperties) = preSolution
		HideSolutionNode = FALSE
	EndGlobalSection
EndGlobal
